
Microsoft Visual Studio Solution File, Format Version 12.00
# Visual Studio Version 17
VisualStudioVersion = 17.2.32602.215
MinimumVisualStudioVersion = 10.0.40219.1
Project("{FAE04EC0-301F-11D3-BF4B-00C04F79EFBC}") = "assgmt3", "assgmt3\assgmt3.csproj", "{E658BE88-2CE1-48CA-AA57-0761A7E9B0ED}"
EndProject
Global
	GlobalSection(SolutionConfigurationPlatforms) = preSolution
		Debug|Any CPU = Debug|Any CPU
		Release|Any CPU = Release|Any CPU
	EndGlobalSection
	GlobalSection(ProjectConfigurationPlatforms) = postSolution
		{E658BE88-2CE1-48CA-AA57-0761A7E9B0ED}.Debug|Any CPU.ActiveCfg = Debug|Any CPU
		{E658BE88-2CE1-48CA-AA57-0761A7E9B0ED}.Debug|Any CPU.Build.0 = Debug|Any CPU
		{E658BE88-2CE1-48CA-AA57-0761A7E9B0ED}.Release|Any CPU.ActiveCfg = Release|Any CPU
		{E658BE88-2CE1-48CA-AA57-0761A7E9B0ED}.Release|Any CPU.Build.0 = Release|Any CPU
	EndGlobalSection
	GlobalSection(SolutionProperties) = preSolution
		HideSolutionNode = FALSE
	EndGlobalSection
	GlobalSection(ExtensibilityGlobals) = postSolution
		SolutionGuid = {0641FF32-5C75-47C4-95B8-C3EF062F519A}
	EndGlobalSection
EndGlobal
